
Microsoft Visual Studio Solution File, Format Version 12.00
# Visual Studio Version 17
VisualStudioVersion = 17.10.35013.160
MinimumVisualStudioVersion = 10.0.40219.1
Project("{FAE04EC0-301F-11D3-BF4B-00C04F79EFBC}") = "tasks", "tasks\tasks.csproj", "{7B727E1C-4698-4D4A-BD29-FC4A6BDCB61D}"
EndProject
Global
	GlobalSection(SolutionConfigurationPlatforms) = preSolution
		Debug|Any CPU = Debug|Any CPU
		Release|Any CPU = Release|Any CPU
	EndGlobalSection
	GlobalSection(ProjectConfigurationPlatforms) = postSolution
		{7B727E1C-4698-4D4A-BD29-FC4A6BDCB61D}.Debug|Any CPU.ActiveCfg = Debug|Any CPU
		{7B727E1C-4698-4D4A-BD29-FC4A6BDCB61D}.Debug|Any CPU.Build.0 = Debug|Any CPU
		{7B727E1C-4698-4D4A-BD29-FC4A6BDCB61D}.Release|Any CPU.ActiveCfg = Release|Any CPU
		{7B727E1C-4698-4D4A-BD29-FC4A6BDCB61D}.Release|Any CPU.Build.0 = Release|Any CPU
	EndGlobalSection
	GlobalSection(SolutionProperties) = preSolution
		HideSolutionNode = FALSE
	EndGlobalSection
	GlobalSection(ExtensibilityGlobals) = postSolution
		SolutionGuid = {7B54D0AB-DA4F-4438-9BD5-2F3C207FCE26}
	EndGlobalSection
EndGlobal
